// !$*UTF8*$!
{
	archiveVersion = 1;
	classes = {
	};
	objectVersion = 50;
	objects = {

/* Begin PBXBuildFile section */
		5C111CC1248255B500873B7E /* Shajarian - Morghe Sahar 17.png in Resources */ = {isa = PBXBuildFile; fileRef = 5C111CAE248255B400873B7E /* Shajarian - Morghe Sahar 17.png */; };
		5C111CC2248255B500873B7E /* Shajarian - Morghe Sahar 1.png in Resources */ = {isa = PBXBuildFile; fileRef = 5C111CAF248255B400873B7E /* Shajarian - Morghe Sahar 1.png */; };
		5C111CC3248255B500873B7E /* Shajarian - Morghe Sahar 5.png in Resources */ = {isa = PBXBuildFile; fileRef = 5C111CB0248255B400873B7E /* Shajarian - Morghe Sahar 5.png */; };
		5C111CC4248255B500873B7E /* Shajarian - Morghe Sahar 12.png in Resources */ = {isa = PBXBuildFile; fileRef = 5C111CB1248255B400873B7E /* Shajarian - Morghe Sahar 12.png */; };
		5C111CC5248255B500873B7E /* Shajarian - Morghe Sahar 13.png in Resources */ = {isa = PBXBuildFile; fileRef = 5C111CB2248255B400873B7E /* Shajarian - Morghe Sahar 13.png */; };
		5C111CC6248255B500873B7E /* Shajarian - Morghe Sahar 14.png in Resources */ = {isa = PBXBuildFile; fileRef = 5C111CB3248255B400873B7E /* Shajarian - Morghe Sahar 14.png */; };
		5C111CC7248255B500873B7E /* Shajarian - Morghe Sahar 10.png in Resources */ = {isa = PBXBuildFile; fileRef = 5C111CB4248255B400873B7E /* Shajarian - Morghe Sahar 10.png */; };
		5C111CC8248255B500873B7E /* Shajarian - Morghe Sahar 4.png in Resources */ = {isa = PBXBuildFile; fileRef = 5C111CB5248255B400873B7E /* Shajarian - Morghe Sahar 4.png */; };
		5C111CC9248255B500873B7E /* Shajarian - Morghe Sahar 3.png in Resources */ = {isa = PBXBuildFile; fileRef = 5C111CB6248255B500873B7E /* Shajarian - Morghe Sahar 3.png */; };
		5C111CCA248255B500873B7E /* Shajarian - Morghe Sahar 16.png in Resources */ = {isa = PBXBuildFile; fileRef = 5C111CB7248255B500873B7E /* Shajarian - Morghe Sahar 16.png */; };
		5C111CCB248255B500873B7E /* Shajarian - Morghe Sahar 19.png in Resources */ = {isa = PBXBuildFile; fileRef = 5C111CB8248255B500873B7E /* Shajarian - Morghe Sahar 19.png */; };
		5C111CCC248255B500873B7E /* Shajarian - Morghe Sahar 2.png in Resources */ = {isa = PBXBuildFile; fileRef = 5C111CB9248255B500873B7E /* Shajarian - Morghe Sahar 2.png */; };
		5C111CCD248255B500873B7E /* Shajarian - Morghe Sahar 11.png in Resources */ = {isa = PBXBuildFile; fileRef = 5C111CBA248255B500873B7E /* Shajarian - Morghe Sahar 11.png */; };
		5C111CCE248255B500873B7E /* Shajarian - Morghe Sahar 9.png in Resources */ = {isa = PBXBuildFile; fileRef = 5C111CBB248255B500873B7E /* Shajarian - Morghe Sahar 9.png */; };
		5C111CCF248255B500873B7E /* Shajarian - Morghe Sahar 6.png in Resources */ = {isa = PBXBuildFile; fileRef = 5C111CBC248255B500873B7E /* Shajarian - Morghe Sahar 6.png */; };
		5C111CD0248255B500873B7E /* Shajarian - Morghe Sahar 7.png in Resources */ = {isa = PBXBuildFile; fileRef = 5C111CBD248255B500873B7E /* Shajarian - Morghe Sahar 7.png */; };
		5C111CD1248255B500873B7E /* Shajarian - Morghe Sahar 18.png in Resources */ = {isa = PBXBuildFile; fileRef = 5C111CBE248255B500873B7E /* Shajarian - Morghe Sahar 18.png */; };
		5C111CD2248255B500873B7E /* Shajarian - Morghe Sahar 15.png in Resources */ = {isa = PBXBuildFile; fileRef = 5C111CBF248255B500873B7E /* Shajarian - Morghe Sahar 15.png */; };
		5C111CD3248255B500873B7E /* Shajarian - Morghe Sahar 8.png in Resources */ = {isa = PBXBuildFile; fileRef = 5C111CC0248255B500873B7E /* Shajarian - Morghe Sahar 8.png */; };
		5C8A975E2480E43000268FFF /* Assets.xcassets in Resources */ = {isa = PBXBuildFile; fileRef = 5C8A975D2480E42F00268FFF /* Assets.xcassets */; };
		5C8A97632480E9A300268FFF /* TableViewController.swift in Sources */ = {isa = PBXBuildFile; fileRef = 5C8A97622480E9A300268FFF /* TableViewController.swift */; };
		5C8A97652480F39400268FFF /* Farhad Mehrad - Jome.mp3 in Resources */ = {isa = PBXBuildFile; fileRef = 5C8A97642480F39400268FFF /* Farhad Mehrad - Jome.mp3 */; };
		5C8A97672480F45C00268FFF /* Shajarian - Morghe Sahar.mp3 in Resources */ = {isa = PBXBuildFile; fileRef = 5C8A97662480F45C00268FFF /* Shajarian - Morghe Sahar.mp3 */; };
		5C8A97802481030200268FFF /* Farhad Mehrad - Jome 24.png in Resources */ = {isa = PBXBuildFile; fileRef = 5C8A97682481030000268FFF /* Farhad Mehrad - Jome 24.png */; };
		5C8A97812481030200268FFF /* Farhad Mehrad - Jome 20.png in Resources */ = {isa = PBXBuildFile; fileRef = 5C8A97692481030000268FFF /* Farhad Mehrad - Jome 20.png */; };
		5C8A97822481030200268FFF /* Farhad Mehrad - Jome 11.png in Resources */ = {isa = PBXBuildFile; fileRef = 5C8A976A2481030000268FFF /* Farhad Mehrad - Jome 11.png */; };
		5C8A97832481030200268FFF /* Farhad Mehrad - Jome 17.png in Resources */ = {isa = PBXBuildFile; fileRef = 5C8A976B2481030000268FFF /* Farhad Mehrad - Jome 17.png */; };
		5C8A97842481030200268FFF /* Farhad Mehrad - Jome 4.png in Resources */ = {isa = PBXBuildFile; fileRef = 5C8A976C2481030000268FFF /* Farhad Mehrad - Jome 4.png */; };
		5C8A97852481030200268FFF /* Farhad Mehrad - Jome 13.png in Resources */ = {isa = PBXBuildFile; fileRef = 5C8A976D2481030000268FFF /* Farhad Mehrad - Jome 13.png */; };
		5C8A97862481030200268FFF /* Farhad Mehrad - Jome 15.png in Resources */ = {isa = PBXBuildFile; fileRef = 5C8A976E2481030100268FFF /* Farhad Mehrad - Jome 15.png */; };
		5C8A97872481030200268FFF /* Farhad Mehrad - Jome 22.png in Resources */ = {isa = PBXBuildFile; fileRef = 5C8A976F2481030100268FFF /* Farhad Mehrad - Jome 22.png */; };
		5C8A97882481030200268FFF /* Farhad Mehrad - Jome 21.png in Resources */ = {isa = PBXBuildFile; fileRef = 5C8A97702481030100268FFF /* Farhad Mehrad - Jome 21.png */; };
		5C8A97892481030200268FFF /* Farhad Mehrad - Jome 1.png in Resources */ = {isa = PBXBuildFile; fileRef = 5C8A97712481030100268FFF /* Farhad Mehrad - Jome 1.png */; };
		5C8A978A2481030200268FFF /* Farhad Mehrad - Jome 8.png in Resources */ = {isa = PBXBuildFile; fileRef = 5C8A97722481030100268FFF /* Farhad Mehrad - Jome 8.png */; };
		5C8A978B2481030200268FFF /* Farhad Mehrad - Jome 10.png in Resources */ = {isa = PBXBuildFile; fileRef = 5C8A97732481030100268FFF /* Farhad Mehrad - Jome 10.png */; };
		5C8A978C2481030200268FFF /* Farhad Mehrad - Jome 14.png in Resources */ = {isa = PBXBuildFile; fileRef = 5C8A97742481030100268FFF /* Farhad Mehrad - Jome 14.png */; };
		5C8A978D2481030200268FFF /* Farhad Mehrad - Jome 6.png in Resources */ = {isa = PBXBuildFile; fileRef = 5C8A97752481030100268FFF /* Farhad Mehrad - Jome 6.png */; };
		5C8A978E2481030200268FFF /* Farhad Mehrad - Jome 7.png in Resources */ = {isa = PBXBuildFile; fileRef = 5C8A97762481030100268FFF /* Farhad Mehrad - Jome 7.png */; };
		5C8A978F2481030200268FFF /* Farhad Mehrad - Jome 23.png in Resources */ = {isa = PBXBuildFile; fileRef = 5C8A97772481030100268FFF /* Farhad Mehrad - Jome 23.png */; };
		5C8A97902481030200268FFF /* Farhad Mehrad - Jome 18.png in Resources */ = {isa = PBXBuildFile; fileRef = 5C8A97782481030100268FFF /* Farhad Mehrad - Jome 18.png */; };
		5C8A97912481030200268FFF /* Farhad Mehrad - Jome 19.png in Resources */ = {isa = PBXBuildFile; fileRef = 5C8A97792481030200268FFF /* Farhad Mehrad - Jome 19.png */; };
		5C8A97922481030200268FFF /* Farhad Mehrad - Jome 5.png in Resources */ = {isa = PBXBuildFile; fileRef = 5C8A977A2481030200268FFF /* Farhad Mehrad - Jome 5.png */; };
		5C8A97932481030200268FFF /* Farhad Mehrad - Jome 3.png in Resources */ = {isa = PBXBuildFile; fileRef = 5C8A977B2481030200268FFF /* Farhad Mehrad - Jome 3.png */; };
		5C8A97942481030200268FFF /* Farhad Mehrad - Jome 9.png in Resources */ = {isa = PBXBuildFile; fileRef = 5C8A977C2481030200268FFF /* Farhad Mehrad - Jome 9.png */; };
		5C8A97952481030200268FFF /* Farhad Mehrad - Jome 12.png in Resources */ = {isa = PBXBuildFile; fileRef = 5C8A977D2481030200268FFF /* Farhad Mehrad - Jome 12.png */; };
		5C8A97962481030200268FFF /* Farhad Mehrad - Jome 2.png in Resources */ = {isa = PBXBuildFile; fileRef = 5C8A977E2481030200268FFF /* Farhad Mehrad - Jome 2.png */; };
		5C8A97972481030200268FFF /* Farhad Mehrad - Jome 16.png in Resources */ = {isa = PBXBuildFile; fileRef = 5C8A977F2481030200268FFF /* Farhad Mehrad - Jome 16.png */; };
		5CCF0A2A24803425006B4079 /* AppDelegate.swift in Sources */ = {isa = PBXBuildFile; fileRef = 5CCF0A2924803425006B4079 /* AppDelegate.swift */; };
		5CCF0A2C24803425006B4079 /* SceneDelegate.swift in Sources */ = {isa = PBXBuildFile; fileRef = 5CCF0A2B24803425006B4079 /* SceneDelegate.swift */; };
		5CCF0A2E24803425006B4079 /* ViewController.swift in Sources */ = {isa = PBXBuildFile; fileRef = 5CCF0A2D24803425006B4079 /* ViewController.swift */; };
		5CCF0A3124803425006B4079 /* Main.storyboard in Resources */ = {isa = PBXBuildFile; fileRef = 5CCF0A2F24803425006B4079 /* Main.storyboard */; };
		5CCF0A3624803426006B4079 /* LaunchScreen.storyboard in Resources */ = {isa = PBXBuildFile; fileRef = 5CCF0A3424803426006B4079 /* LaunchScreen.storyboard */; };
/* End PBXBuildFile section */

/* Begin PBXFileReference section */
		5C111CAE248255B400873B7E /* Shajarian - Morghe Sahar 17.png */ = {isa = PBXFileReference; lastKnownFileType = image.png; path = "Shajarian - Morghe Sahar 17.png"; sourceTree = "<group>"; };
		5C111CAF248255B400873B7E /* Shajarian - Morghe Sahar 1.png */ = {isa = PBXFileReference; lastKnownFileType = image.png; path = "Shajarian - Morghe Sahar 1.png"; sourceTree = "<group>"; };
		5C111CB0248255B400873B7E /* Shajarian - Morghe Sahar 5.png */ = {isa = PBXFileReference; lastKnownFileType = image.png; path = "Shajarian - Morghe Sahar 5.png"; sourceTree = "<group>"; };
		5C111CB1248255B400873B7E /* Shajarian - Morghe Sahar 12.png */ = {isa = PBXFileReference; lastKnownFileType = image.png; path = "Shajarian - Morghe Sahar 12.png"; sourceTree = "<group>"; };
		5C111CB2248255B400873B7E /* Shajarian - Morghe Sahar 13.png */ = {isa = PBXFileReference; lastKnownFileType = image.png; path = "Shajarian - Morghe Sahar 13.png"; sourceTree = "<group>"; };
		5C111CB3248255B400873B7E /* Shajarian - Morghe Sahar 14.png */ = {isa = PBXFileReference; lastKnownFileType = image.png; path = "Shajarian - Morghe Sahar 14.png"; sourceTree = "<group>"; };
		5C111CB4248255B400873B7E /* Shajarian - Morghe Sahar 10.png */ = {isa = PBXFileReference; lastKnownFileType = image.png; path = "Shajarian - Morghe Sahar 10.png"; sourceTree = "<group>"; };
		5C111CB5248255B400873B7E /* Shajarian - Morghe Sahar 4.png */ = {isa = PBXFileReference; lastKnownFileType = image.png; path = "Shajarian - Morghe Sahar 4.png"; sourceTree = "<group>"; };
		5C111CB6248255B500873B7E /* Shajarian - Morghe Sahar 3.png */ = {isa = PBXFileReference; lastKnownFileType = image.png; path = "Shajarian - Morghe Sahar 3.png"; sourceTree = "<group>"; };
		5C111CB7248255B500873B7E /* Shajarian - Morghe Sahar 16.png */ = {isa = PBXFileReference; lastKnownFileType = image.png; path = "Shajarian - Morghe Sahar 16.png"; sourceTree = "<group>"; };
		5C111CB8248255B500873B7E /* Shajarian - Morghe Sahar 19.png */ = {isa = PBXFileReference; lastKnownFileType = image.png; path = "Shajarian - Morghe Sahar 19.png"; sourceTree = "<group>"; };
		5C111CB9248255B500873B7E /* Shajarian - Morghe Sahar 2.png */ = {isa = PBXFileReference; lastKnownFileType = image.png; path = "Shajarian - Morghe Sahar 2.png"; sourceTree = "<group>"; };
		5C111CBA248255B500873B7E /* Shajarian - Morghe Sahar 11.png */ = {isa = PBXFileReference; lastKnownFileType = image.png; path = "Shajarian - Morghe Sahar 11.png"; sourceTree = "<group>"; };
		5C111CBB248255B500873B7E /* Shajarian - Morghe Sahar 9.png */ = {isa = PBXFileReference; lastKnownFileType = image.png; path = "Shajarian - Morghe Sahar 9.png"; sourceTree = "<group>"; };
		5C111CBC248255B500873B7E /* Shajarian - Morghe Sahar 6.png */ = {isa = PBXFileReference; lastKnownFileType = image.png; path = "Shajarian - Morghe Sahar 6.png"; sourceTree = "<group>"; };
		5C111CBD248255B500873B7E /* Shajarian - Morghe Sahar 7.png */ = {isa = PBXFileReference; lastKnownFileType = image.png; path = "Shajarian - Morghe Sahar 7.png"; sourceTree = "<group>"; };
		5C111CBE248255B500873B7E /* Shajarian - Morghe Sahar 18.png */ = {isa = PBXFileReference; lastKnownFileType = image.png; path = "Shajarian - Morghe Sahar 18.png"; sourceTree = "<group>"; };
		5C111CBF248255B500873B7E /* Shajarian - Morghe Sahar 15.png */ = {isa = PBXFileReference; lastKnownFileType = image.png; path = "Shajarian - Morghe Sahar 15.png"; sourceTree = "<group>"; };
		5C111CC0248255B500873B7E /* Shajarian - Morghe Sahar 8.png */ = {isa = PBXFileReference; lastKnownFileType = image.png; path = "Shajarian - Morghe Sahar 8.png"; sourceTree = "<group>"; };
		5C8A975D2480E42F00268FFF /* Assets.xcassets */ = {isa = PBXFileReference; lastKnownFileType = folder.assetcatalog; path = Assets.xcassets; sourceTree = "<group>"; };
		5C8A97622480E9A300268FFF /* TableViewController.swift */ = {isa = PBXFileReference; lastKnownFileType = sourcecode.swift; path = TableViewController.swift; sourceTree = "<group>"; };
		5C8A97642480F39400268FFF /* Farhad Mehrad - Jome.mp3 */ = {isa = PBXFileReference; lastKnownFileType = audio.mp3; path = "Farhad Mehrad - Jome.mp3"; sourceTree = "<group>"; };
		5C8A97662480F45C00268FFF /* Shajarian - Morghe Sahar.mp3 */ = {isa = PBXFileReference; lastKnownFileType = audio.mp3; path = "Shajarian - Morghe Sahar.mp3"; sourceTree = "<group>"; };
		5C8A97682481030000268FFF /* Farhad Mehrad - Jome 24.png */ = {isa = PBXFileReference; lastKnownFileType = image.png; path = "Farhad Mehrad - Jome 24.png"; sourceTree = "<group>"; };
		5C8A97692481030000268FFF /* Farhad Mehrad - Jome 20.png */ = {isa = PBXFileReference; lastKnownFileType = image.png; path = "Farhad Mehrad - Jome 20.png"; sourceTree = "<group>"; };
		5C8A976A2481030000268FFF /* Farhad Mehrad - Jome 11.png */ = {isa = PBXFileReference; lastKnownFileType = image.png; path = "Farhad Mehrad - Jome 11.png"; sourceTree = "<group>"; };
		5C8A976B2481030000268FFF /* Farhad Mehrad - Jome 17.png */ = {isa = PBXFileReference; lastKnownFileType = image.png; path = "Farhad Mehrad - Jome 17.png"; sourceTree = "<group>"; };
		5C8A976C2481030000268FFF /* Farhad Mehrad - Jome 4.png */ = {isa = PBXFileReference; lastKnownFileType = image.png; path = "Farhad Mehrad - Jome 4.png"; sourceTree = "<group>"; };
		5C8A976D2481030000268FFF /* Farhad Mehrad - Jome 13.png */ = {isa = PBXFileReference; lastKnownFileType = image.png; path = "Farhad Mehrad - Jome 13.png"; sourceTree = "<group>"; };
		5C8A976E2481030100268FFF /* Farhad Mehrad - Jome 15.png */ = {isa = PBXFileReference; lastKnownFileType = image.png; path = "Farhad Mehrad - Jome 15.png"; sourceTree = "<group>"; };
		5C8A976F2481030100268FFF /* Farhad Mehrad - Jome 22.png */ = {isa = PBXFileReference; lastKnownFileType = image.png; path = "Farhad Mehrad - Jome 22.png"; sourceTree = "<group>"; };
		5C8A97702481030100268FFF /* Farhad Mehrad - Jome 21.png */ = {isa = PBXFileReference; lastKnownFileType = image.png; path = "Farhad Mehrad - Jome 21.png"; sourceTree = "<group>"; };
		5C8A97712481030100268FFF /* Farhad Mehrad - Jome 1.png */ = {isa = PBXFileReference; lastKnownFileType = image.png; path = "Farhad Mehrad - Jome 1.png"; sourceTree = "<group>"; };
		5C8A97722481030100268FFF /* Farhad Mehrad - Jome 8.png */ = {isa = PBXFileReference; lastKnownFileType = image.png; path = "Farhad Mehrad - Jome 8.png"; sourceTree = "<group>"; };
		5C8A97732481030100268FFF /* Farhad Mehrad - Jome 10.png */ = {isa = PBXFileReference; lastKnownFileType = image.png; path = "Farhad Mehrad - Jome 10.png"; sourceTree = "<group>"; };
		5C8A97742481030100268FFF /* Farhad Mehrad - Jome 14.png */ = {isa = PBXFileReference; lastKnownFileType = image.png; path = "Farhad Mehrad - Jome 14.png"; sourceTree = "<group>"; };
		5C8A97752481030100268FFF /* Farhad Mehrad - Jome 6.png */ = {isa = PBXFileReference; lastKnownFileType = image.png; path = "Farhad Mehrad - Jome 6.png"; sourceTree = "<group>"; };
		5C8A97762481030100268FFF /* Farhad Mehrad - Jome 7.png */ = {isa = PBXFileReference; lastKnownFileType = image.png; path = "Farhad Mehrad - Jome 7.png"; sourceTree = "<group>"; };
		5C8A97772481030100268FFF /* Farhad Mehrad - Jome 23.png */ = {isa = PBXFileReference; lastKnownFileType = image.png; path = "Farhad Mehrad - Jome 23.png"; sourceTree = "<group>"; };
		5C8A97782481030100268FFF /* Farhad Mehrad - Jome 18.png */ = {isa = PBXFileReference; lastKnownFileType = image.png; path = "Farhad Mehrad - Jome 18.png"; sourceTree = "<group>"; };
		5C8A97792481030200268FFF /* Farhad Mehrad - Jome 19.png */ = {isa = PBXFileReference; lastKnownFileType = image.png; path = "Farhad Mehrad - Jome 19.png"; sourceTree = "<group>"; };
		5C8A977A2481030200268FFF /* Farhad Mehrad - Jome 5.png */ = {isa = PBXFileReference; lastKnownFileType = image.png; path = "Farhad Mehrad - Jome 5.png"; sourceTree = "<group>"; };
		5C8A977B2481030200268FFF /* Farhad Mehrad - Jome 3.png */ = {isa = PBXFileReference; lastKnownFileType = image.png; path = "Farhad Mehrad - Jome 3.png"; sourceTree = "<group>"; };
		5C8A977C2481030200268FFF /* Farhad Mehrad - Jome 9.png */ = {isa = PBXFileReference; lastKnownFileType = image.png; path = "Farhad Mehrad - Jome 9.png"; sourceTree = "<group>"; };
		5C8A977D2481030200268FFF /* Farhad Mehrad - Jome 12.png */ = {isa = PBXFileReference; lastKnownFileType = image.png; path = "Farhad Mehrad - Jome 12.png"; sourceTree = "<group>"; };
		5C8A977E2481030200268FFF /* Farhad Mehrad - Jome 2.png */ = {isa = PBXFileReference; lastKnownFileType = image.png; path = "Farhad Mehrad - Jome 2.png"; sourceTree = "<group>"; };
		5C8A977F2481030200268FFF /* Farhad Mehrad - Jome 16.png */ = {isa = PBXFileReference; lastKnownFileType = image.png; path = "Farhad Mehrad - Jome 16.png"; sourceTree = "<group>"; };
		5CCF0A2624803425006B4079 /* sina.app */ = {isa = PBXFileReference; explicitFileType = wrapper.application; includeInIndex = 0; path = sina.app; sourceTree = BUILT_PRODUCTS_DIR; };
		5CCF0A2924803425006B4079 /* AppDelegate.swift */ = {isa = PBXFileReference; lastKnownFileType = sourcecode.swift; path = AppDelegate.swift; sourceTree = "<group>"; };
		5CCF0A2B24803425006B4079 /* SceneDelegate.swift */ = {isa = PBXFileReference; lastKnownFileType = sourcecode.swift; path = SceneDelegate.swift; sourceTree = "<group>"; };
		5CCF0A2D24803425006B4079 /* ViewController.swift */ = {isa = PBXFileReference; lastKnownFileType = sourcecode.swift; path = ViewController.swift; sourceTree = "<group>"; };
		5CCF0A3024803425006B4079 /* Base */ = {isa = PBXFileReference; lastKnownFileType = file.storyboard; name = Base; path = Base.lproj/Main.storyboard; sourceTree = "<group>"; };
		5CCF0A3524803426006B4079 /* Base */ = {isa = PBXFileReference; lastKnownFileType = file.storyboard; name = Base; path = Base.lproj/LaunchScreen.storyboard; sourceTree = "<group>"; };
		5CCF0A3724803426006B4079 /* Info.plist */ = {isa = PBXFileReference; lastKnownFileType = text.plist.xml; path = Info.plist; sourceTree = "<group>"; };
/* End PBXFileReference section */

/* Begin PBXFrameworksBuildPhase section */
		5CCF0A2324803425006B4079 /* Frameworks */ = {
			isa = PBXFrameworksBuildPhase;
			buildActionMask = 2147483647;
			files = (
			);
			runOnlyForDeploymentPostprocessing = 0;
		};
/* End PBXFrameworksBuildPhase section */

/* Begin PBXGroup section */
		5C111CAD2482542200873B7E /* Shajarian - Morghe Sahar */ = {
			isa = PBXGroup;
			children = (
				5C111CAF248255B400873B7E /* Shajarian - Morghe Sahar 1.png */,
				5C111CB9248255B500873B7E /* Shajarian - Morghe Sahar 2.png */,
				5C111CB6248255B500873B7E /* Shajarian - Morghe Sahar 3.png */,
				5C111CB5248255B400873B7E /* Shajarian - Morghe Sahar 4.png */,
				5C111CB0248255B400873B7E /* Shajarian - Morghe Sahar 5.png */,
				5C111CBC248255B500873B7E /* Shajarian - Morghe Sahar 6.png */,
				5C111CBD248255B500873B7E /* Shajarian - Morghe Sahar 7.png */,
				5C111CC0248255B500873B7E /* Shajarian - Morghe Sahar 8.png */,
				5C111CBB248255B500873B7E /* Shajarian - Morghe Sahar 9.png */,
				5C111CB4248255B400873B7E /* Shajarian - Morghe Sahar 10.png */,
				5C111CBA248255B500873B7E /* Shajarian - Morghe Sahar 11.png */,
				5C111CB1248255B400873B7E /* Shajarian - Morghe Sahar 12.png */,
				5C111CB2248255B400873B7E /* Shajarian - Morghe Sahar 13.png */,
				5C111CB3248255B400873B7E /* Shajarian - Morghe Sahar 14.png */,
				5C111CBF248255B500873B7E /* Shajarian - Morghe Sahar 15.png */,
				5C111CB7248255B500873B7E /* Shajarian - Morghe Sahar 16.png */,
				5C111CAE248255B400873B7E /* Shajarian - Morghe Sahar 17.png */,
				5C111CBE248255B500873B7E /* Shajarian - Morghe Sahar 18.png */,
				5C111CB8248255B500873B7E /* Shajarian - Morghe Sahar 19.png */,
			);
			path = "Shajarian - Morghe Sahar";
			sourceTree = "<group>";
		};
		5C8A975F2480E83B00268FFF /* Supporting Files */ = {
			isa = PBXGroup;
			children = (
				5C111CAD2482542200873B7E /* Shajarian - Morghe Sahar */,
				5C8A97982481033500268FFF /* Farhad Mehrad - Jome */,
				5C8A97992481034D00268FFF /* Songs */,
				5C8A975D2480E42F00268FFF /* Assets.xcassets */,
				5CCF0A3424803426006B4079 /* LaunchScreen.storyboard */,
			);
			path = "Supporting Files";
			sourceTree = "<group>";
		};
		5C8A97982481033500268FFF /* Farhad Mehrad - Jome */ = {
			isa = PBXGroup;
			children = (
				5C8A97712481030100268FFF /* Farhad Mehrad - Jome 1.png */,
				5C8A977E2481030200268FFF /* Farhad Mehrad - Jome 2.png */,
				5C8A977B2481030200268FFF /* Farhad Mehrad - Jome 3.png */,
				5C8A976C2481030000268FFF /* Farhad Mehrad - Jome 4.png */,
				5C8A977A2481030200268FFF /* Farhad Mehrad - Jome 5.png */,
				5C8A97752481030100268FFF /* Farhad Mehrad - Jome 6.png */,
				5C8A97762481030100268FFF /* Farhad Mehrad - Jome 7.png */,
				5C8A97722481030100268FFF /* Farhad Mehrad - Jome 8.png */,
				5C8A977C2481030200268FFF /* Farhad Mehrad - Jome 9.png */,
				5C8A97732481030100268FFF /* Farhad Mehrad - Jome 10.png */,
				5C8A976A2481030000268FFF /* Farhad Mehrad - Jome 11.png */,
				5C8A977D2481030200268FFF /* Farhad Mehrad - Jome 12.png */,
				5C8A976D2481030000268FFF /* Farhad Mehrad - Jome 13.png */,
				5C8A97742481030100268FFF /* Farhad Mehrad - Jome 14.png */,
				5C8A976E2481030100268FFF /* Farhad Mehrad - Jome 15.png */,
				5C8A977F2481030200268FFF /* Farhad Mehrad - Jome 16.png */,
				5C8A976B2481030000268FFF /* Farhad Mehrad - Jome 17.png */,
				5C8A97782481030100268FFF /* Farhad Mehrad - Jome 18.png */,
				5C8A97792481030200268FFF /* Farhad Mehrad - Jome 19.png */,
				5C8A97692481030000268FFF /* Farhad Mehrad - Jome 20.png */,
				5C8A97702481030100268FFF /* Farhad Mehrad - Jome 21.png */,
				5C8A976F2481030100268FFF /* Farhad Mehrad - Jome 22.png */,
				5C8A97772481030100268FFF /* Farhad Mehrad - Jome 23.png */,
				5C8A97682481030000268FFF /* Farhad Mehrad - Jome 24.png */,
			);
			path = "Farhad Mehrad - Jome";
			sourceTree = "<group>";
		};
		5C8A97992481034D00268FFF /* Songs */ = {
			isa = PBXGroup;
			children = (
				5C8A97662480F45C00268FFF /* Shajarian - Morghe Sahar.mp3 */,
				5C8A97642480F39400268FFF /* Farhad Mehrad - Jome.mp3 */,
			);
			path = Songs;
			sourceTree = "<group>";
		};
		5CCF0A1D24803425006B4079 = {
			isa = PBXGroup;
			children = (
				5CCF0A2824803425006B4079 /* sina */,
				5CCF0A2724803425006B4079 /* Products */,
			);
			sourceTree = "<group>";
		};
		5CCF0A2724803425006B4079 /* Products */ = {
			isa = PBXGroup;
			children = (
				5CCF0A2624803425006B4079 /* sina.app */,
			);
			name = Products;
			sourceTree = "<group>";
		};
		5CCF0A2824803425006B4079 /* sina */ = {
			isa = PBXGroup;
			children = (
				5CCF0A2924803425006B4079 /* AppDelegate.swift */,
				5CCF0A2B24803425006B4079 /* SceneDelegate.swift */,
				5CCF0A2D24803425006B4079 /* ViewController.swift */,
				5CCF0A2F24803425006B4079 /* Main.storyboard */,
				5C8A97622480E9A300268FFF /* TableViewController.swift */,
				5C8A975F2480E83B00268FFF /* Supporting Files */,
				5CCF0A3724803426006B4079 /* Info.plist */,
			);
			path = sina;
			sourceTree = "<group>";
		};
/* End PBXGroup section */

/* Begin PBXNativeTarget section */
		5CCF0A2524803425006B4079 /* sina */ = {
			isa = PBXNativeTarget;
			buildConfigurationList = 5CCF0A3A24803426006B4079 /* Build configuration list for PBXNativeTarget "sina" */;
			buildPhases = (
				5CCF0A2224803425006B4079 /* Sources */,
				5CCF0A2324803425006B4079 /* Frameworks */,
				5CCF0A2424803425006B4079 /* Resources */,
			);
			buildRules = (
			);
			dependencies = (
			);
			name = sina;
			productName = sina;
			productReference = 5CCF0A2624803425006B4079 /* sina.app */;
			productType = "com.apple.product-type.application";
		};
/* End PBXNativeTarget section */

/* Begin PBXProject section */
		5CCF0A1E24803425006B4079 /* Project object */ = {
			isa = PBXProject;
			attributes = {
				LastSwiftUpdateCheck = 1130;
				LastUpgradeCheck = 1130;
				ORGANIZATIONNAME = "Siavash Mosadegh";
				TargetAttributes = {
					5CCF0A2524803425006B4079 = {
						CreatedOnToolsVersion = 11.3;
					};
				};
			};
			buildConfigurationList = 5CCF0A2124803425006B4079 /* Build configuration list for PBXProject "sina" */;
			compatibilityVersion = "Xcode 9.3";
			developmentRegion = en;
			hasScannedForEncodings = 0;
			knownRegions = (
				en,
				Base,
			);
			mainGroup = 5CCF0A1D24803425006B4079;
			productRefGroup = 5CCF0A2724803425006B4079 /* Products */;
			projectDirPath = "";
			projectRoot = "";
			targets = (
				5CCF0A2524803425006B4079 /* sina */,
			);
		};
/* End PBXProject section */

/* Begin PBXResourcesBuildPhase section */
		5CCF0A2424803425006B4079 /* Resources */ = {
			isa = PBXResourcesBuildPhase;
			buildActionMask = 2147483647;
			files = (
				5C111CD1248255B500873B7E /* Shajarian - Morghe Sahar 18.png in Resources */,
				5C8A97882481030200268FFF /* Farhad Mehrad - Jome 21.png in Resources */,
				5C8A978B2481030200268FFF /* Farhad Mehrad - Jome 10.png in Resources */,
				5C8A978D2481030200268FFF /* Farhad Mehrad - Jome 6.png in Resources */,
				5C8A97672480F45C00268FFF /* Shajarian - Morghe Sahar.mp3 in Resources */,
				5C8A97952481030200268FFF /* Farhad Mehrad - Jome 12.png in Resources */,
				5C111CD0248255B500873B7E /* Shajarian - Morghe Sahar 7.png in Resources */,
				5CCF0A3624803426006B4079 /* LaunchScreen.storyboard in Resources */,
				5C111CCF248255B500873B7E /* Shajarian - Morghe Sahar 6.png in Resources */,
				5C8A978C2481030200268FFF /* Farhad Mehrad - Jome 14.png in Resources */,
				5C8A97972481030200268FFF /* Farhad Mehrad - Jome 16.png in Resources */,
				5C8A97902481030200268FFF /* Farhad Mehrad - Jome 18.png in Resources */,
				5C111CC1248255B500873B7E /* Shajarian - Morghe Sahar 17.png in Resources */,
				5C111CCC248255B500873B7E /* Shajarian - Morghe Sahar 2.png in Resources */,
				5C111CC2248255B500873B7E /* Shajarian - Morghe Sahar 1.png in Resources */,
				5C111CCB248255B500873B7E /* Shajarian - Morghe Sahar 19.png in Resources */,
				5C8A97942481030200268FFF /* Farhad Mehrad - Jome 9.png in Resources */,
				5C111CC8248255B500873B7E /* Shajarian - Morghe Sahar 4.png in Resources */,
				5C8A97932481030200268FFF /* Farhad Mehrad - Jome 3.png in Resources */,
				5C8A97842481030200268FFF /* Farhad Mehrad - Jome 4.png in Resources */,
				5C8A978E2481030200268FFF /* Farhad Mehrad - Jome 7.png in Resources */,
				5C8A978F2481030200268FFF /* Farhad Mehrad - Jome 23.png in Resources */,
				5C8A978A2481030200268FFF /* Farhad Mehrad - Jome 8.png in Resources */,
				5C111CCA248255B500873B7E /* Shajarian - Morghe Sahar 16.png in Resources */,
				5C8A97652480F39400268FFF /* Farhad Mehrad - Jome.mp3 in Resources */,
				5C111CC9248255B500873B7E /* Shajarian - Morghe Sahar 3.png in Resources */,
				5C111CD2248255B500873B7E /* Shajarian - Morghe Sahar 15.png in Resources */,
				5C111CC7248255B500873B7E /* Shajarian - Morghe Sahar 10.png in Resources */,
				5C111CC6248255B500873B7E /* Shajarian - Morghe Sahar 14.png in Resources */,
				5C8A97812481030200268FFF /* Farhad Mehrad - Jome 20.png in Resources */,
				5C8A97912481030200268FFF /* Farhad Mehrad - Jome 19.png in Resources */,
				5C8A97832481030200268FFF /* Farhad Mehrad - Jome 17.png in Resources */,
				5C111CC3248255B500873B7E /* Shajarian - Morghe Sahar 5.png in Resources */,
				5C8A97962481030200268FFF /* Farhad Mehrad - Jome 2.png in Resources */,
				5C111CC5248255B500873B7E /* Shajarian - Morghe Sahar 13.png in Resources */,
				5C8A975E2480E43000268FFF /* Assets.xcassets in Resources */,
				5C8A97862481030200268FFF /* Farhad Mehrad - Jome 15.png in Resources */,
				5C8A97922481030200268FFF /* Farhad Mehrad - Jome 5.png in Resources */,
				5C111CC4248255B500873B7E /* Shajarian - Morghe Sahar 12.png in Resources */,
				5C111CCE248255B500873B7E /* Shajarian - Morghe Sahar 9.png in Resources */,
				5C111CD3248255B500873B7E /* Shajarian - Morghe Sahar 8.png in Resources */,
				5C8A97852481030200268FFF /* Farhad Mehrad - Jome 13.png in Resources */,
				5CCF0A3124803425006B4079 /* Main.storyboard in Resources */,
				5C8A97802481030200268FFF /* Farhad Mehrad - Jome 24.png in Resources */,
				5C8A97892481030200268FFF /* Farhad Mehrad - Jome 1.png in Resources */,
				5C111CCD248255B500873B7E /* Shajarian - Morghe Sahar 11.png in Resources */,
				5C8A97872481030200268FFF /* Farhad Mehrad - Jome 22.png in Resources */,
				5C8A97822481030200268FFF /* Farhad Mehrad - Jome 11.png in Resources */,
			);
			runOnlyForDeploymentPostprocessing = 0;
		};
/* End PBXResourcesBuildPhase section */

/* Begin PBXSourcesBuildPhase section */
		5CCF0A2224803425006B4079 /* Sources */ = {
			isa = PBXSourcesBuildPhase;
			buildActionMask = 2147483647;
			files = (
				5CCF0A2E24803425006B4079 /* ViewController.swift in Sources */,
				5CCF0A2A24803425006B4079 /* AppDelegate.swift in Sources */,
				5CCF0A2C24803425006B4079 /* SceneDelegate.swift in Sources */,
				5C8A97632480E9A300268FFF /* TableViewController.swift in Sources */,
			);
			runOnlyForDeploymentPostprocessing = 0;
		};
/* End PBXSourcesBuildPhase section */

/* Begin PBXVariantGroup section */
		5CCF0A2F24803425006B4079 /* Main.storyboard */ = {
			isa = PBXVariantGroup;
			children = (
				5CCF0A3024803425006B4079 /* Base */,
			);
			name = Main.storyboard;
			sourceTree = "<group>";
		};
		5CCF0A3424803426006B4079 /* LaunchScreen.storyboard */ = {
			isa = PBXVariantGroup;
			children = (
				5CCF0A3524803426006B4079 /* Base */,
			);
			name = LaunchScreen.storyboard;
			sourceTree = "<group>";
		};
/* End PBXVariantGroup section */

/* Begin XCBuildConfiguration section */
		5CCF0A3824803426006B4079 /* Debug */ = {
			isa = XCBuildConfiguration;
			buildSettings = {
				ALWAYS_SEARCH_USER_PATHS = NO;
				CLANG_ANALYZER_NONNULL = YES;
				CLANG_ANALYZER_NUMBER_OBJECT_CONVERSION = YES_AGGRESSIVE;
				CLANG_CXX_LANGUAGE_STANDARD = "gnu++14";
				CLANG_CXX_LIBRARY = "libc++";
				CLANG_ENABLE_MODULES = YES;
				CLANG_ENABLE_OBJC_ARC = YES;
				CLANG_ENABLE_OBJC_WEAK = YES;
				CLANG_WARN_BLOCK_CAPTURE_AUTORELEASING = YES;
				CLANG_WARN_BOOL_CONVERSION = YES;
				CLANG_WARN_COMMA = YES;
				CLANG_WARN_CONSTANT_CONVERSION = YES;
				CLANG_WARN_DEPRECATED_OBJC_IMPLEMENTATIONS = YES;
				CLANG_WARN_DIRECT_OBJC_ISA_USAGE = YES_ERROR;
				CLANG_WARN_DOCUMENTATION_COMMENTS = YES;
				CLANG_WARN_EMPTY_BODY = YES;
				CLANG_WARN_ENUM_CONVERSION = YES;
				CLANG_WARN_INFINITE_RECURSION = YES;
				CLANG_WARN_INT_CONVERSION = YES;
				CLANG_WARN_NON_LITERAL_NULL_CONVERSION = YES;
				CLANG_WARN_OBJC_IMPLICIT_RETAIN_SELF = YES;
				CLANG_WARN_OBJC_LITERAL_CONVERSION = YES;
				CLANG_WARN_OBJC_ROOT_CLASS = YES_ERROR;
				CLANG_WARN_RANGE_LOOP_ANALYSIS = YES;
				CLANG_WARN_STRICT_PROTOTYPES = YES;
				CLANG_WARN_SUSPICIOUS_MOVE = YES;
				CLANG_WARN_UNGUARDED_AVAILABILITY = YES_AGGRESSIVE;
				CLANG_WARN_UNREACHABLE_CODE = YES;
				CLANG_WARN__DUPLICATE_METHOD_MATCH = YES;
				COPY_PHASE_STRIP = NO;
				DEBUG_INFORMATION_FORMAT = dwarf;
				ENABLE_STRICT_OBJC_MSGSEND = YES;
				ENABLE_TESTABILITY = YES;
				GCC_C_LANGUAGE_STANDARD = gnu11;
				GCC_DYNAMIC_NO_PIC = NO;
				GCC_NO_COMMON_BLOCKS = YES;
				GCC_OPTIMIZATION_LEVEL = 0;
				GCC_PREPROCESSOR_DEFINITIONS = (
					"DEBUG=1",
					"$(inherited)",
				);
				GCC_WARN_64_TO_32_BIT_CONVERSION = YES;
				GCC_WARN_ABOUT_RETURN_TYPE = YES_ERROR;
				GCC_WARN_UNDECLARED_SELECTOR = YES;
				GCC_WARN_UNINITIALIZED_AUTOS = YES_AGGRESSIVE;
				GCC_WARN_UNUSED_FUNCTION = YES;
				GCC_WARN_UNUSED_VARIABLE = YES;
				IPHONEOS_DEPLOYMENT_TARGET = 13.2;
				MTL_ENABLE_DEBUG_INFO = INCLUDE_SOURCE;
				MTL_FAST_MATH = YES;
				ONLY_ACTIVE_ARCH = YES;
				SDKROOT = iphoneos;
				SWIFT_ACTIVE_COMPILATION_CONDITIONS = DEBUG;
				SWIFT_OPTIMIZATION_LEVEL = "-Onone";
			};
			name = Debug;
		};
		5CCF0A3924803426006B4079 /* Release */ = {
			isa = XCBuildConfiguration;
			buildSettings = {
				ALWAYS_SEARCH_USER_PATHS = NO;
				CLANG_ANALYZER_NONNULL = YES;
				CLANG_ANALYZER_NUMBER_OBJECT_CONVERSION = YES_AGGRESSIVE;
				CLANG_CXX_LANGUAGE_STANDARD = "gnu++14";
				CLANG_CXX_LIBRARY = "libc++";
				CLANG_ENABLE_MODULES = YES;
				CLANG_ENABLE_OBJC_ARC = YES;
				CLANG_ENABLE_OBJC_WEAK = YES;
				CLANG_WARN_BLOCK_CAPTURE_AUTORELEASING = YES;
				CLANG_WARN_BOOL_CONVERSION = YES;
				CLANG_WARN_COMMA = YES;
				CLANG_WARN_CONSTANT_CONVERSION = YES;
				CLANG_WARN_DEPRECATED_OBJC_IMPLEMENTATIONS = YES;
				CLANG_WARN_DIRECT_OBJC_ISA_USAGE = YES_ERROR;
				CLANG_WARN_DOCUMENTATION_COMMENTS = YES;
				CLANG_WARN_EMPTY_BODY = YES;
				CLANG_WARN_ENUM_CONVERSION = YES;
				CLANG_WARN_INFINITE_RECURSION = YES;
				CLANG_WARN_INT_CONVERSION = YES;
				CLANG_WARN_NON_LITERAL_NULL_CONVERSION = YES;
				CLANG_WARN_OBJC_IMPLICIT_RETAIN_SELF = YES;
				CLANG_WARN_OBJC_LITERAL_CONVERSION = YES;
				CLANG_WARN_OBJC_ROOT_CLASS = YES_ERROR;
				CLANG_WARN_RANGE_LOOP_ANALYSIS = YES;
				CLANG_WARN_STRICT_PROTOTYPES = YES;
				CLANG_WARN_SUSPICIOUS_MOVE = YES;
				CLANG_WARN_UNGUARDED_AVAILABILITY = YES_AGGRESSIVE;
				CLANG_WARN_UNREACHABLE_CODE = YES;
				CLANG_WARN__DUPLICATE_METHOD_MATCH = YES;
				COPY_PHASE_STRIP = NO;
				DEBUG_INFORMATION_FORMAT = "dwarf-with-dsym";
				ENABLE_NS_ASSERTIONS = NO;
				ENABLE_STRICT_OBJC_MSGSEND = YES;
				GCC_C_LANGUAGE_STANDARD = gnu11;
				GCC_NO_COMMON_BLOCKS = YES;
				GCC_WARN_64_TO_32_BIT_CONVERSION = YES;
				GCC_WARN_ABOUT_RETURN_TYPE = YES_ERROR;
				GCC_WARN_UNDECLARED_SELECTOR = YES;
				GCC_WARN_UNINITIALIZED_AUTOS = YES_AGGRESSIVE;
				GCC_WARN_UNUSED_FUNCTION = YES;
				GCC_WARN_UNUSED_VARIABLE = YES;
				IPHONEOS_DEPLOYMENT_TARGET = 13.2;
				MTL_ENABLE_DEBUG_INFO = NO;
				MTL_FAST_MATH = YES;
				SDKROOT = iphoneos;
				SWIFT_COMPILATION_MODE = wholemodule;
				SWIFT_OPTIMIZATION_LEVEL = "-O";
				VALIDATE_PRODUCT = YES;
			};
			name = Release;
		};
		5CCF0A3B24803426006B4079 /* Debug */ = {
			isa = XCBuildConfiguration;
			buildSettings = {
				ASSETCATALOG_COMPILER_APPICON_NAME = AppIcon;
				CODE_SIGN_STYLE = Automatic;
				DEVELOPMENT_TEAM = 68GQNYDD7T;
				INFOPLIST_FILE = sina/Info.plist;
				LD_RUNPATH_SEARCH_PATHS = (
					"$(inherited)",
					"@executable_path/Frameworks",
				);
				PRODUCT_BUNDLE_IDENTIFIER = com.siavashmosadegh.sina;
				PRODUCT_NAME = "$(TARGET_NAME)";
				SWIFT_VERSION = 5.0;
				TARGETED_DEVICE_FAMILY = "1,2";
			};
			name = Debug;
		};
		5CCF0A3C24803426006B4079 /* Release */ = {
			isa = XCBuildConfiguration;
			buildSettings = {
				ASSETCATALOG_COMPILER_APPICON_NAME = AppIcon;
				CODE_SIGN_STYLE = Automatic;
				DEVELOPMENT_TEAM = 68GQNYDD7T;
				INFOPLIST_FILE = sina/Info.plist;
				LD_RUNPATH_SEARCH_PATHS = (
					"$(inherited)",
					"@executable_path/Frameworks",
				);
				PRODUCT_BUNDLE_IDENTIFIER = com.siavashmosadegh.sina;
				PRODUCT_NAME = "$(TARGET_NAME)";
				SWIFT_VERSION = 5.0;
				TARGETED_DEVICE_FAMILY = "1,2";
			};
			name = Release;
		};
/* End XCBuildConfiguration section */

/* Begin XCConfigurationList section */
		5CCF0A2124803425006B4079 /* Build configuration list for PBXProject "sina" */ = {
			isa = XCConfigurationList;
			buildConfigurations = (
				5CCF0A3824803426006B4079 /* Debug */,
				5CCF0A3924803426006B4079 /* Release */,
			);
			defaultConfigurationIsVisible = 0;
			defaultConfigurationName = Release;
		};
		5CCF0A3A24803426006B4079 /* Build configuration list for PBXNativeTarget "sina" */ = {
			isa = XCConfigurationList;
			buildConfigurations = (
				5CCF0A3B24803426006B4079 /* Debug */,
				5CCF0A3C24803426006B4079 /* Release */,
			);
			defaultConfigurationIsVisible = 0;
			defaultConfigurationName = Release;
		};
/* End XCConfigurationList section */
	};
	rootObject = 5CCF0A1E24803425006B4079 /* Project object */;
}
